<?xml version="1.0" encoding="utf-8"?>
<Project ToolsVersion="4.0" xmlns="http://schemas.microsoft.com/developer/msbuild/2003">
  <ItemGroup>
    <ClCompile Include="..\..\asmCapture\asmcapture.cpp" />
    <ClCompile Include="..\..\MCP_3208\MCP3208.cpp" />
    <ClCompile Include="captureType.cpp" />
    <ClCompile Include="main.cpp" />
  </ItemGroup>
  <ItemGroup>
    <ClInclude Include="..\..\asmCapture\asmcapture.h" />
    <ClInclude Include="..\..\MCP_3208\MCP3208.h" />
    <ClInclude Include="captureType.h" />
  </ItemGroup>
</Project>